
Microsoft Visual Studio Solution File, Format Version 12.00
# Visual Studio 15
VisualStudioVersion = 15.0.26228.4
MinimumVisualStudioVersion = 10.0.40219.1
Project("{9A19103F-16F7-4668-BE54-9A1E7A4F7556}") = "UserPostConfirmation", "UserPostConfirmation\UserPostConfirmation.csproj", "{727115C2-8FCB-4304-8998-1A878F00DFE8}"
EndProject
Project("{9A19103F-16F7-4668-BE54-9A1E7A4F7556}") = "UserPostConfirmation.Tests", "UserPostConfirmation.Tests\UserPostConfirmation.Tests.csproj", "{6AC0849A-E975-41EF-93B6-DD79CDFB53B7}"
EndProject
Project("{9A19103F-16F7-4668-BE54-9A1E7A4F7556}") = "BuzzCurrency.Logging", "BuzzCurrency.Logging\BuzzCurrency.Logging.csproj", "{02DBCFB4-0296-4ACF-991A-77ACC96B89BB}"
EndProject
Project("{9A19103F-16F7-4668-BE54-9A1E7A4F7556}") = "BuzzCurrency.Library", "BuzzCurrency.Library\BuzzCurrency.Library.csproj", "{98CD3621-870D-4895-8C43-030D9F746860}"
EndProject
Project("{9A19103F-16F7-4668-BE54-9A1E7A4F7556}") = "UserServerless", "UserServerless\UserServerless.csproj", "{61D148C8-678C-47E1-BBAF-6B513E73CE1B}"
EndProject
Project("{FAE04EC0-301F-11D3-BF4B-00C04F79EFBC}") = "BuzzCurrency.Repository", "BuzzCurrency.Repository\BuzzCurrency.Repository.csproj", "{DFE672C5-4564-469F-8BE3-01CD43AC39E5}"
EndProject
Global
	GlobalSection(SolutionConfigurationPlatforms) = preSolution
		Debug|Any CPU = Debug|Any CPU
		Release|Any CPU = Release|Any CPU
	EndGlobalSection
	GlobalSection(ProjectConfigurationPlatforms) = postSolution
		{727115C2-8FCB-4304-8998-1A878F00DFE8}.Debug|Any CPU.ActiveCfg = Debug|Any CPU
		{727115C2-8FCB-4304-8998-1A878F00DFE8}.Debug|Any CPU.Build.0 = Debug|Any CPU
		{727115C2-8FCB-4304-8998-1A878F00DFE8}.Release|Any CPU.ActiveCfg = Release|Any CPU
		{727115C2-8FCB-4304-8998-1A878F00DFE8}.Release|Any CPU.Build.0 = Release|Any CPU
		{6AC0849A-E975-41EF-93B6-DD79CDFB53B7}.Debug|Any CPU.ActiveCfg = Debug|Any CPU
		{6AC0849A-E975-41EF-93B6-DD79CDFB53B7}.Debug|Any CPU.Build.0 = Debug|Any CPU
		{6AC0849A-E975-41EF-93B6-DD79CDFB53B7}.Release|Any CPU.ActiveCfg = Release|Any CPU
		{6AC0849A-E975-41EF-93B6-DD79CDFB53B7}.Release|Any CPU.Build.0 = Release|Any CPU
		{02DBCFB4-0296-4ACF-991A-77ACC96B89BB}.Debug|Any CPU.ActiveCfg = Debug|Any CPU
		{02DBCFB4-0296-4ACF-991A-77ACC96B89BB}.Debug|Any CPU.Build.0 = Debug|Any CPU
		{02DBCFB4-0296-4ACF-991A-77ACC96B89BB}.Release|Any CPU.ActiveCfg = Release|Any CPU
		{02DBCFB4-0296-4ACF-991A-77ACC96B89BB}.Release|Any CPU.Build.0 = Release|Any CPU
		{98CD3621-870D-4895-8C43-030D9F746860}.Debug|Any CPU.ActiveCfg = Debug|Any CPU
		{98CD3621-870D-4895-8C43-030D9F746860}.Debug|Any CPU.Build.0 = Debug|Any CPU
		{98CD3621-870D-4895-8C43-030D9F746860}.Release|Any CPU.ActiveCfg = Release|Any CPU
		{98CD3621-870D-4895-8C43-030D9F746860}.Release|Any CPU.Build.0 = Release|Any CPU
		{61D148C8-678C-47E1-BBAF-6B513E73CE1B}.Debug|Any CPU.ActiveCfg = Debug|Any CPU
		{61D148C8-678C-47E1-BBAF-6B513E73CE1B}.Debug|Any CPU.Build.0 = Debug|Any CPU
		{61D148C8-678C-47E1-BBAF-6B513E73CE1B}.Release|Any CPU.ActiveCfg = Release|Any CPU
		{61D148C8-678C-47E1-BBAF-6B513E73CE1B}.Release|Any CPU.Build.0 = Release|Any CPU
		{DFE672C5-4564-469F-8BE3-01CD43AC39E5}.Debug|Any CPU.ActiveCfg = Debug|Any CPU
		{DFE672C5-4564-469F-8BE3-01CD43AC39E5}.Debug|Any CPU.Build.0 = Debug|Any CPU
		{DFE672C5-4564-469F-8BE3-01CD43AC39E5}.Release|Any CPU.ActiveCfg = Release|Any CPU
		{DFE672C5-4564-469F-8BE3-01CD43AC39E5}.Release|Any CPU.Build.0 = Release|Any CPU
	EndGlobalSection
	GlobalSection(SolutionProperties) = preSolution
		HideSolutionNode = FALSE
	EndGlobalSection
	GlobalSection(ExtensibilityGlobals) = postSolution
		SolutionGuid = {AF2DAF55-3F3C-4476-80B7-230996D3F130}
	EndGlobalSection
EndGlobal
